version = 1
revision = 3
requires-python = ">=3.11, <3.13"

[[package]]
name = "colorama"
version = "0.4.6"
source = { registry = "https://pypi.org/simple" }
sdist = { url = "https://files.pythonhosted.org/packages/d8/53/6f443c9a4a8358a93a6792e2acffb9d9d5cb0a5cfd8802644b7b1c9a02e4/colorama-0.4.6.tar.gz", hash = "sha256:08695f5cb7ed6e0531a20572697297273c47b8cae5a63ffc6d6ed5c201be6e44", size = 27697, upload-time = "2022-10-25T02:36:22.414Z" }
wheels = [
    { url = "https://files.pythonhosted.org/packages/d1/d6/3965ed04c63042e047cb6a3e6ed1a63a35087b6a609aa3a15ed8ac56c221/colorama-0.4.6-py2.py3-none-any.whl", hash = "sha256:4f1d9991f5acc0ca119f9d443620b77f9d6b33703e51011c16baf57afb285fc6", size = 25335, upload-time = "2022-10-25T02:36:20.889Z" },
]

[[package]]
name = "iniconfig"
version = "2.3.0"
source = { registry = "https://pypi.org/simple" }
sdist = { url = "https://files.pythonhosted.org/packages/72/34/14ca021ce8e5dfedc35312d08ba8bf51fdd999c576889fc2c24cb97f4f10/iniconfig-2.3.0.tar.gz", hash = "sha256:c76315c77db068650d49c5b56314774a7804df16fee4402c1f19d6d15d8c4730", size = 20503, upload-time = "2025-10-18T21:55:43.219Z" }
wheels = [
    { url = "https://files.pythonhosted.org/packages/cb/b1/3846dd7f199d53cb17f49cba7e651e9ce294d8497c8c150530ed11865bb8/iniconfig-2.3.0-py3-none-any.whl", hash = "sha256:f631c04d2c48c52b84d0d0549c99ff3859c98df65b3101406327ecc7d53fbf12", size = 7484, upload-time = "2025-10-18T21:55:41.639Z" },
]

[[package]]
name = "librt"
version = "0.15.0"
source = { registry = "https://pypi.org/simple" }
sdist = { url = "https://files.pythonhosted.org/packages/36/9b/356320fbae2ac8467e21c5e73e1389c80468e4998c62cc7d3536cc51b614/librt-0.15.0.tar.gz", hash = "sha256:4e66cbe84437497d951b799d3e1551291b6fb3d643820a7014b3655d57a59162", size = 214338, upload-time = "2026-08-07T10:49:42.663Z" }
wheels = [
    { url = "https://files.pythonhosted.org/packages/59/52/06790ced2ac7117f890c21bda43c39c958ec82aa665c0718e821d33ff939/librt-0.15.0-cp311-cp311-macosx_10_9_x86_64.whl", hash = "sha256:823b92cf3c18ecd08afc70c42473888b41b6e8ef5046f3b82c05c154a2fa3d22", size = 148039, upload-time = "2026-08-07T10:46:41.165Z" },
    { url = "https://files.pythonhosted.org/packages/e7/1d/8e150b7fc449a1f33c8a760965cc1f43b14fc1577d9d0b50ab2701420e74/librt-0.15.0-cp311-cp311-macosx_11_0_arm64.whl", hash = "sha256:c70bc1b602cf59917e8f0c7a2cbc8bcc6fbc14d5486136b00707a79619121d63", size = 153067, upload-time = "2026-08-07T10:46:42.418Z" },
    { url = "https://files.pythonhosted.org/packages/51/87/a162bc5a66a35599dc619ecb215145f4de7d68e886b479b6d12593139f7c/librt-0.15.0-cp311-cp311-manylinux2014_aarch64.manylinux_2_17_aarch64.manylinux_2_28_aarch64.whl", hash = "sha256:814ff83a25b5fce8b9c80c4dd803153fb5c5599fc74db9e022466938368957ef", size = 493087, upload-time = "2026-08-07T10:46:43.657Z" },
    { url = "https://files.pythonhosted.org/packages/e5/3a/aeea1fc620cf48060d3065b37614edbf97043c099d0f50782bc8ca61d897/librt-0.15.0-cp311-cp311-manylinux2014_i686.manylinux_2_17_i686.manylinux_2_28_i686.whl", hash = "sha256:57f5eeb6ad4c180de583b1038e61fe5fbd9796bb69a8a1c1a0c7ddbec4c8c60f", size = 485608, upload-time = "2026-08-07T10:46:45.038Z" },
    { url = "https://files.pythonhosted.org/packages/52/ff/fe571ad416f0856fd0d5578ffc2e6dc531891e586e36b647bcf50569cab8/librt-0.15.0-cp311-cp311-manylinux2014_ppc64le.manylinux_2_17_ppc64le.manylinux_2_28_ppc64le.whl", hash = "sha256:82909c8f7eb9952656b65d3147afde4cf8e6d5a991eebc86418b5e65843b0ab8", size = 498723, upload-time = "2026-08-07T10:46:46.35Z" },
    { url = "https://files.pythonhosted.org/packages/0f/e1/7a65eb5dedb1f00aebd948cdd8e17add48bf066cab3514e9daf84ab45a6c/librt-0.15.0-cp311-cp311-manylinux2014_x86_64.manylinux_2_17_x86_64.manylinux_2_28_x86_64.whl", hash = "sha256:f779070399f991400fc451719e0ea388eb7de313388bada2c127a35de05f798a", size = 516002, upload-time = "2026-08-07T10:46:47.599Z" },
    { url = "https://files.pythonhosted.org/packages/5f/45/59832b0ebfbd08c2742e6ece372ceb53f18bf1faef5d33c8daf3abebf749/librt-0.15.0-cp311-cp311-manylinux_2_34_riscv64.manylinux_2_39_riscv64.whl", hash = "sha256:bac89069bc496ebdf4f79ebb57bbd10d0b214c8454225deb672d91002bd17e18", size = 508607, upload-time = "2026-08-07T10:46:48.873Z" },
    { url = "https://files.pythonhosted.org/packages/ea/0d/37fa73f3b43ebd8259f91ae9102a15e5a54e65d581e48dea72df3e81d7a4/librt-0.15.0-cp311-cp311-musllinux_1_2_aarch64.whl", hash = "sha256:e0d00c708fb2f5822b152429b1ac80a58dbbbc3f6c232c4d13a3f7fcf2ea5b4c", size = 530422, upload-time = "2026-08-07T10:46:50.45Z" },
    { url = "https://files.pythonhosted.org/packages/26/02/e046c6fe7a5881ac34623242192f484426ba8a75595fd18f22c53a3f530f/librt-0.15.0-cp311-cp311-musllinux_1_2_i686.whl", hash = "sha256:6c6624fe268625869485553dd7cc1daf30d22558215bb2a4ff16f67a9801a31a", size = 534303, upload-time = "2026-08-07T10:46:51.693Z" },
    { url = "https://files.pythonhosted.org/packages/95/32/d5e6d861ab0366f3edf74f887ab0c9eb9f535aaf01d32b80b4f734daa179/librt-0.15.0-cp311-cp311-musllinux_1_2_ppc64le.whl", hash = "sha256:f56b397858a23dacf35ede366ed2212fdc03a6a57a1ad36468ad6e9dc5fac091", size = 536084, upload-time = "2026-08-07T10:46:52.951Z" },
    { url = "https://files.pythonhosted.org/packages/2a/de/d69d725513fe53fc90c6d7a1f86e4428939bad2fb905b17fe4c18d413dde/librt-0.15.0-cp311-cp311-musllinux_1_2_riscv64.whl", hash = "sha256:4388184646efe2054911c5b00a1077d6d1ee86a95b7e8ba96dc7850a809f3f40", size = 514307, upload-time = "2026-08-07T10:46:54.194Z" },
    { url = "https://files.pythonhosted.org/packages/36/93/f8aded0d6682b4f25820fa86e0690f87f01df9fd7bd09ddb04d9167ad021/librt-0.15.0-cp311-cp311-musllinux_1_2_x86_64.whl", hash = "sha256:97335f59082f9fe2ce6c2a9cc6433a0114bbb6cd4d5c09dd76c95c68b9f9a8b0", size = 557686, upload-time = "2026-08-07T10:46:55.443Z" },
    { url = "https://files.pythonhosted.org/packages/74/09/ffeb6bdeb6cd862b4272fddc8ad05f938dd25d020ed517e631813917d80a/librt-0.15.0-cp311-cp311-win32.whl", hash = "sha256:83380ffde38062a2e9bb55d83e74474f6614665528b98a6928720fc006dfffbb", size = 104917, upload-time = "2026-08-07T10:46:56.605Z" },
    { url = "https://files.pythonhosted.org/packages/96/28/7e2313a3ffbf0b4de7ba3da58a09e488507b4bd1ea2b5e69378354a23415/librt-0.15.0-cp311-cp311-win_amd64.whl", hash = "sha256:f75720477ee05d509a310e856cacc8d909adc182f7b91193c207bcc26d7ee6db", size = 125886, upload-time = "2026-08-07T10:46:57.729Z" },
    { url = "https://files.pythonhosted.org/packages/39/9e/04b8c3cde014ef255ee785730425268354543acc38902093a40afa0dc164/librt-0.15.0-cp311-cp311-win_arm64.whl", hash = "sha256:256237037a3ab001ae8d9803b2d43562a4c3aa38739843694349e4d5ebb0fd56", size = 111885, upload-time = "2026-08-07T10:46:58.787Z" },
    { url = "https://files.pythonhosted.org/packages/ba/39/99c25030e782bdfb7a21be8c05254806a2e4bbb05c8d50c2a2130acbfa05/librt-0.15.0-cp312-cp312-macosx_10_13_x86_64.whl", hash = "sha256:e87bc679f86a99aa3b26e3c78eeb821a247c9a28eae48eaafcc32c3bf4c3bb9e", size = 151021, upload-time = "2026-08-07T10:47:00.057Z" },
    { url = "https://files.pythonhosted.org/packages/14/43/f4b1bd1b2888798a1409808889a25ea1ba49eaabce7d681ed27734c2df9d/librt-0.15.0-cp312-cp312-macosx_11_0_arm64.whl", hash = "sha256:71599e011ac880e8e45d46047d714871894c7d4ab6f25626f8d4f89da21f368d", size = 155267, upload-time = "2026-08-07T10:47:01.311Z" },
    { url = "https://files.pythonhosted.org/packages/0c/db/3ad9c965c72f1e1d6beeec44ec10a54e17be8ae042fbb4baade16cbadced/librt-0.15.0-cp312-cp312-manylinux2014_aarch64.manylinux_2_17_aarch64.manylinux_2_28_aarch64.whl", hash = "sha256:c802434092b769b1d613ed2e13fac15fbfce1934a74bd10283b03c0fae231cd1", size = 503136, upload-time = "2026-08-07T10:47:02.45Z" },
    { url = "https://files.pythonhosted.org/packages/4b/07/5888a6d76acd62ebce66c61b74d94e9370b9c32929f111e487bb6546f8ed/librt-0.15.0-cp312-cp312-manylinux2014_i686.manylinux_2_17_i686.manylinux_2_28_i686.whl", hash = "sha256:5500eeae393a184d14e1f35645962c27129d20c81afa4069e6ef826ebc2b3aaa", size = 496670, upload-time = "2026-08-07T10:47:03.675Z" },
    { url = "https://files.pythonhosted.org/packages/29/39/ab57cc2f5b276156da02bb7f5a8921bada1cb1993ffec99acf811c602c23/librt-0.15.0-cp312-cp312-manylinux2014_ppc64le.manylinux_2_17_ppc64le.manylinux_2_28_ppc64le.whl", hash = "sha256:6ecfc32dfb46fb7b565bcd6abf9412acf978775a998273d22888a6d7953730dd", size = 513688, upload-time = "2026-08-07T10:47:04.981Z" },
    { url = "https://files.pythonhosted.org/packages/a7/b9/bdbb0b648b5c2befb031f4c6f3b1dd857415e8fb492a25a3c764a6681e6c/librt-0.15.0-cp312-cp312-manylinux2014_x86_64.manylinux_2_17_x86_64.manylinux_2_28_x86_64.whl", hash = "sha256:89cc46cfd15022e35084355478c9ac809d90b1152222706ac9a7655ec21df6fa", size = 531904, upload-time = "2026-08-07T10:47:06.211Z" },
    { url = "https://files.pythonhosted.org/packages/93/26/473c2e4b6c104e9e58e27ce95fc8005c8bd4fc36cae4f254371125a92db8/librt-0.15.0-cp312-cp312-manylinux_2_34_riscv64.manylinux_2_39_riscv64.whl", hash = "sha256:d5f51401d102c885b9ca509e62c79b1dbff286e1b9b047fde6f763780789356d", size = 524427, upload-time = "2026-08-07T10:47:07.592Z" },
    { url = "https://files.pythonhosted.org/packages/26/60/03b3abb82b41714671b907bf6989b228e31e6a8af52dec82b5b0728dc250/librt-0.15.0-cp312-cp312-musllinux_1_2_aarch64.whl", hash = "sha256:cc30523e3f1a23fb7511cc659834a0d01a1042bb9de359bc1c131cc4ec6c9656", size = 543155, upload-time = "2026-08-07T10:47:08.866Z" },
    { url = "https://files.pythonhosted.org/packages/f2/0e/9bb1f0a4affbd0a1888f4f79dc03ed2a299d9a2c26c59ab2a97dcbf11903/librt-0.15.0-cp312-cp312-musllinux_1_2_i686.whl", hash = "sha256:59fe030d8ae4a57e3fb7756bf35a858de74e04066fc8555c53d0af979132af81", size = 546890, upload-time = "2026-08-07T10:47:10.327Z" },
    { url = "https://files.pythonhosted.org/packages/dc/84/6937a280d461f7de6e031ffb02edc2b7c3c90d49d630565ce8ff27cbc5f2/librt-0.15.0-cp312-cp312-musllinux_1_2_ppc64le.whl", hash = "sha256:5a6526a2a956bbb1e4ae3568c82e650fc99119c66bb011ea60715744955a2b4d", size = 555163, upload-time = "2026-08-07T10:47:11.798Z" },
    { url = "https://files.pythonhosted.org/packages/bc/95/2a2853c1ee014bf102116e7f897a04beeaeb2461b45b79af98bdfb95f1ef/librt-0.15.0-cp312-cp312-musllinux_1_2_riscv64.whl", hash = "sha256:85ea21ec6730194d67156b0e0b5430ccb1d61f8b8b907e39b37f9812b74a13f0", size = 535812, upload-time = "2026-08-07T10:47:13.279Z" },
    { url = "https://files.pythonhosted.org/packages/c9/4c/cf9601c1b4c5f09280acd5d83abdb2e68527a2be8257136eb42304218622/librt-0.15.0-cp312-cp312-musllinux_1_2_x86_64.whl", hash = "sha256:1e47b8ba865d7ede071a91a7163073bbaeb72541f1ef8a07d512c45c7b5007f2", size = 573688, upload-time = "2026-08-07T10:47:14.727Z" },
    { url = "https://files.pythonhosted.org/packages/47/6d/9ac7cbec46189a7625af4b5acbd25f10d827f4141b2002181848c8418923/librt-0.15.0-cp312-cp312-win32.whl", hash = "sha256:a5207ec414d1c4a2a7231b2086970dc036f94293cdf338190984958a013a42f1", size = 106138, upload-time = "2026-08-07T10:47:15.973Z" },
    { url = "https://files.pythonhosted.org/packages/38/d0/2ae99c83be86ce23f925ac1aeeedc777e97f427c4a8d190c70d0a16e9a87/librt-0.15.0-cp312-cp312-win_amd64.whl", hash = "sha256:73b30cfa976659b3917c8f6153bdb0591c6a9ec6583599fd24a689b690622022", size = 126974, upload-time = "2026-08-07T10:47:17.049Z" },
    { url = "https://files.pythonhosted.org/packages/5d/ef/dd24f9635c730b86b87587967dda7516b1845e8b17684603d31607fed598/librt-0.15.0-cp312-cp312-win_arm64.whl", hash = "sha256:a54cf9e0ef47b96af580849db5471142200568ce1e02cbf416addab551369570", size = 112292, upload-time = "2026-08-07T10:47:18.222Z" },
]

[[package]]
name = "mypy"
version = "1.20.2"
source = { registry = "https://pypi.org/simple" }
dependencies = [
    { name = "librt", marker = "platform_python_implementation != 'PyPy'" },
    { name = "mypy-extensions" },
    { name = "pathspec" },
    { name = "typing-extensions" },
]
sdist = { url = "https://files.pythonhosted.org/packages/04/af/e3d4b3e9ec91a0ff9aabfdb38692952acf49bbb899c2e4c29acb3a6da3ae/mypy-1.20.2.tar.gz", hash = "sha256:e8222c26daaafd9e8626dec58ae36029f82585890589576f769a650dd20fd665", size = 3817349, upload-time = "2026-04-21T17:12:28.473Z" }
wheels = [
    { url = "https://files.pythonhosted.org/packages/1f/4d/9ebeae211caccbdaddde7ed5e31dfcf57faac66be9b11deb1dc6526c8078/mypy-1.20.2-cp311-cp311-macosx_10_9_x86_64.whl", hash = "sha256:4077797a273e56e8843d001e9dfe4ba10e33323d6ade647ff260e5cd97d9758c", size = 14371307, upload-time = "2026-04-21T17:08:56.442Z" },
    { url = "https://files.pythonhosted.org/packages/95/d7/93473d34b61f04fac1aecc01368485c89c5c4af7a4b9a0cab5d77d04b63f/mypy-1.20.2-cp311-cp311-macosx_11_0_arm64.whl", hash = "sha256:cdecf62abcc4292500d7858aeae87a1f8f1150f4c4dd08fb0b336ee79b2a6df3", size = 13258917, upload-time = "2026-04-21T17:05:50.978Z" },
    { url = "https://files.pythonhosted.org/packages/e2/30/3dd903e8bafb7b5f7bf87fcd58f8382086dea2aa19f0a7b357f21f63071b/mypy-1.20.2-cp311-cp311-manylinux2014_aarch64.manylinux_2_17_aarch64.manylinux_2_28_aarch64.whl", hash = "sha256:c566c3a88b6ece59b3d70f65bedef17304f48eb52ff040a6a18214e1917b3254", size = 13700516, upload-time = "2026-04-21T17:11:33.161Z" },
    { url = "https://files.pythonhosted.org/packages/07/05/c61a140aba4c729ac7bc99ae26fc627c78a6e08f5b9dd319244ea71a3d7e/mypy-1.20.2-cp311-cp311-manylinux2014_x86_64.manylinux_2_17_x86_64.manylinux_2_28_x86_64.whl", hash = "sha256:0deb80d062b2479f2c87ae568f89845afc71d11bc41b04179e58165fd9f31e98", size = 14562889, upload-time = "2026-04-21T17:05:27.674Z" },
    { url = "https://files.pythonhosted.org/packages/fd/87/da78243742ffa8a36d98c3010f0d829f93d5da4e6786f1a1a6f2ad616502/mypy-1.20.2-cp311-cp311-musllinux_1_2_x86_64.whl", hash = "sha256:bba9ad231e92a3e424b3e56b65aa17704993425bba97e302c832f9466bb85bac", size = 14803844, upload-time = "2026-04-21T17:10:06.2Z" },
    { url = "https://files.pythonhosted.org/packages/37/52/10a1ddf91b40f843943a3c6db51e2df59c9e237f29d355e95eaab427461f/mypy-1.20.2-cp311-cp311-win_amd64.whl", hash = "sha256:baf593f2765fa3a6b1ef95807dbaa3d25b594f6a52adcc506a6b9cb115e1be67", size = 10846300, upload-time = "2026-04-21T17:12:23.886Z" },
    { url = "https://files.pythonhosted.org/packages/20/02/f9a4415b664c53bd34d6709be59da303abcae986dc4ac847b402edb6fa1e/mypy-1.20.2-cp311-cp311-win_arm64.whl", hash = "sha256:20175a1c0f49863946ec20b7f63255768058ac4f07d2b9ded6a6b46cfb5a9100", size = 9779498, upload-time = "2026-04-21T17:09:23.695Z" },
    { url = "https://files.pythonhosted.org/packages/71/4e/7560e4528db9e9b147e4c0f22660466bf30a0a1fe3d63d1b9d3b0fd354ee/mypy-1.20.2-cp312-cp312-macosx_10_13_x86_64.whl", hash = "sha256:4dbfcf869f6b0517f70cf0030ba6ea1d6645e132337a7d5204a18d8d5636c02b", size = 14539393, upload-time = "2026-04-21T17:07:12.52Z" },
    { url = "https://files.pythonhosted.org/packages/32/d9/34a5efed8124f5a9234f55ac6a4ced4201e2c5b81e1109c49ad23190ec8c/mypy-1.20.2-cp312-cp312-macosx_11_0_arm64.whl", hash = "sha256:4b6481b228d072315b053210b01ac320e1be243dc17f9e5887ef167f23f5fae4", size = 13361642, upload-time = "2026-04-21T17:06:53.742Z" },
    { url = "https://files.pythonhosted.org/packages/d1/14/eb377acf78c03c92d566a1510cda8137348215b5335085ef662ab82ecd3a/mypy-1.20.2-cp312-cp312-manylinux2014_aarch64.manylinux_2_17_aarch64.manylinux_2_28_aarch64.whl", hash = "sha256:34397cdced6b90b836e38182076049fdb41424322e0b0728c946b0939ebdf9f6", size = 13740347, upload-time = "2026-04-21T17:12:04.73Z" },
    { url = "https://files.pythonhosted.org/packages/b9/94/7e4634a32b641aa1c112422eed1bbece61ee16205f674190e8b536f884de/mypy-1.20.2-cp312-cp312-manylinux2014_x86_64.manylinux_2_17_x86_64.manylinux_2_28_x86_64.whl", hash = "sha256:a5da6976f20cae27059ea8d0c86e7cef3de720e04c4bb9ee18e3690fdb792066", size = 14734042, upload-time = "2026-04-21T17:07:43.16Z" },
    { url = "https://files.pythonhosted.org/packages/7a/f3/f7e62395cb7f434541b4491a01149a4439e28ace4c0c632bbf5431e92d1f/mypy-1.20.2-cp312-cp312-musllinux_1_2_x86_64.whl", hash = "sha256:56908d7e08318d39f85b1f0c6cfd47b0cac1a130da677630dac0de3e0623e102", size = 14964958, upload-time = "2026-04-21T17:11:00.665Z" },
    { url = "https://files.pythonhosted.org/packages/3e/0d/47e3c3a0ec2a876e35aeac365df3cac7776c36bbd4ed18cc521e1b9d255b/mypy-1.20.2-cp312-cp312-win_amd64.whl", hash = "sha256:d52ad8d78522da1d308789df651ee5379088e77c76cb1994858d40a426b343b9", size = 10911340, upload-time = "2026-04-21T17:10:49.179Z" },
    { url = "https://files.pythonhosted.org/packages/d6/b2/6c852d72e0ea8b01f49da817fb52539993cde327e7d010e0103dc12d0dac/mypy-1.20.2-cp312-cp312-win_arm64.whl", hash = "sha256:785b08db19c9f214dc37d65f7c165d19a30fcecb48abfa30f31b01b5acaabb58", size = 9833947, upload-time = "2026-04-21T17:09:05.267Z" },
    { url = "https://files.pythonhosted.org/packages/28/9a/f23c163e25b11074188251b0b5a0342625fc1cdb6af604757174fa9acc9b/mypy-1.20.2-py3-none-any.whl", hash = "sha256:a94c5a76ab46c5e6257c7972b6c8cff0574201ca7dc05647e33e795d78680563", size = 2637314, upload-time = "2026-04-21T17:05:54.5Z" },
]

[[package]]
name = "mypy-extensions"
version = "1.1.0"
source = { registry = "https://pypi.org/simple" }
sdist = { url = "https://files.pythonhosted.org/packages/a2/6e/371856a3fb9d31ca8dac321cda606860fa4548858c0cc45d9d1d4ca2628b/mypy_extensions-1.1.0.tar.gz", hash = "sha256:52e68efc3284861e772bbcd66823fde5ae21fd2fdb51c62a211403730b916558", size = 6343, upload-time = "2025-04-22T14:54:24.164Z" }
wheels = [
    { url = "https://files.pythonhosted.org/packages/79/7b/2c79738432f5c924bef5071f933bcc9efd0473bac3b4aa584a6f7c1c8df8/mypy_extensions-1.1.0-py3-none-any.whl", hash = "sha256:1be4cccdb0f2482337c4743e60421de3a356cd97508abadd57d47403e94f5505", size = 4963, upload-time = "2025-04-22T14:54:22.983Z" },
]

[[package]]
name = "packaging"
version = "26.3"
source = { registry = "https://pypi.org/simple" }
sdist = { url = "https://files.pythonhosted.org/packages/7d/fa/3944b40b07da9ce895c0e6303a5ab7d53da063554f534556b134a54d6093/packaging-26.3.tar.gz", hash = "sha256:94edc256424af38762eb31306eed28beb9f0efc50a8837492c9d6fd6004aed79", size = 313412, upload-time = "2026-08-04T18:15:28.737Z" }
wheels = [
    { url = "https://files.pythonhosted.org/packages/63/34/ba1c580383c9eada3711951fef0795c80b829a078d72188184bcab9dd527/packaging-26.3-py3-none-any.whl", hash = "sha256:d7193f7c8e4e93f444fde0262bf90af30e16fa0ad0ad44cb553c87339b23cd1c", size = 129956, upload-time = "2026-08-04T18:15:27.159Z" },
]

[[package]]
name = "pathspec"
version = "1.1.1"
source = { registry = "https://pypi.org/simple" }
sdist = { url = "https://files.pythonhosted.org/packages/5a/82/42f767fc1c1143d6fd36efb827202a2d997a375e160a71eb2888a925aac1/pathspec-1.1.1.tar.gz", hash = "sha256:17db5ecd524104a120e173814c90367a96a98d07c45b2e10c2f3919fff91bf5a", size = 135180, upload-time = "2026-04-27T01:46:08.907Z" }
wheels = [
    { url = "https://files.pythonhosted.org/packages/f1/d9/7fb5aa316bc299258e68c73ba3bddbc499654a07f151cba08f6153988714/pathspec-1.1.1-py3-none-any.whl", hash = "sha256:a00ce642f577bf7f473932318056212bc4f8bfdf53128c78bbd5af0b9b20b189", size = 57328, upload-time = "2026-04-27T01:46:07.06Z" },
]

[[package]]
name = "pluggy"
version = "1.6.0"
source = { registry = "https://pypi.org/simple" }
sdist = { url = "https://files.pythonhosted.org/packages/f9/e2/3e91f31a7d2b083fe6ef3fa267035b518369d9511ffab804f839851d2779/pluggy-1.6.0.tar.gz", hash = "sha256:7dcc130b76258d33b90f61b658791dede3486c3e6bfb003ee5c9bfb396dd22f3", size = 69412, upload-time = "2025-05-15T12:30:07.975Z" }
wheels = [
    { url = "https://files.pythonhosted.org/packages/54/20/4d324d65cc6d9205fabedc306948156824eb9f0ee1633355a8f7ec5c66bf/pluggy-1.6.0-py3-none-any.whl", hash = "sha256:e920276dd6813095e9377c0bc5566d94c932c33b27a3e3945d8389c374dd4746", size = 20538, upload-time = "2025-05-15T12:30:06.134Z" },
]

[[package]]
name = "pygments"
version = "2.20.0"
source = { registry = "https://pypi.org/simple" }
sdist = { url = "https://files.pythonhosted.org/packages/c3/b2/bc9c9196916376152d655522fdcebac55e66de6603a76a02bca1b6414f6c/pygments-2.20.0.tar.gz", hash = "sha256:6757cd03768053ff99f3039c1a36d6c0aa0b263438fcab17520b30a303a82b5f", size = 4955991, upload-time = "2026-03-29T13:29:33.898Z" }
wheels = [
    { url = "https://files.pythonhosted.org/packages/f4/7e/a72dd26f3b0f4f2bf1dd8923c85f7ceb43172af56d63c7383eb62b332364/pygments-2.20.0-py3-none-any.whl", hash = "sha256:81a9e26dd42fd28a23a2d169d86d7ac03b46e2f8b59ed4698fb4785f946d0176", size = 1231151, upload-time = "2026-03-29T13:29:30.038Z" },
]

[[package]]
name = "pytest"
version = "8.4.2"
source = { registry = "https://pypi.org/simple" }
dependencies = [
    { name = "colorama", marker = "sys_platform == 'win32'" },
    { name = "iniconfig" },
    { name = "packaging" },
    { name = "pluggy" },
    { name = "pygments" },
]
sdist = { url = "https://files.pythonhosted.org/packages/a3/5c/00a0e072241553e1a7496d638deababa67c5058571567b92a7eaa258397c/pytest-8.4.2.tar.gz", hash = "sha256:86c0d0b93306b961d58d62a4db4879f27fe25513d4b969df351abdddb3c30e01", size = 1519618, upload-time = "2025-09-04T14:34:22.711Z" }
wheels = [
    { url = "https://files.pythonhosted.org/packages/a8/a4/20da314d277121d6534b3a980b29035dcd51e6744bd79075a6ce8fa4eb8d/pytest-8.4.2-py3-none-any.whl", hash = "sha256:872f880de3fc3a5bdc88a11b39c9710c3497a547cfa9320bc3c5e62fbf272e79", size = 365750, upload-time = "2025-09-04T14:34:20.226Z" },
]

[[package]]
name = "ruff"
version = "0.16.2"
source = { registry = "https://pypi.org/simple" }
sdist = { url = "https://files.pythonhosted.org/packages/73/e1/4508a569211b35599016e84ba65c1a992b7a4004b4b6c4bea02a851cba1b/ruff-0.16.2.tar.gz", hash = "sha256:c3d7828d12e8927a6fc65fe38e2c2541b9e762d360a1786d752cb1b8883b3c9c", size = 4885811, upload-time = "2026-08-07T13:31:01.432Z" }
wheels = [
    { url = "https://files.pythonhosted.org/packages/14/57/db19951540f98859c956b50bdb4d31089b4d91e9f15e2968e7d5193806d5/ruff-0.16.2-py3-none-linux_armv6l.whl", hash = "sha256:3c8de4cf2181f01d57946d87d777aa52916976fc09942aed89938fab5e013318", size = 10847925, upload-time = "2026-08-07T13:30:14.468Z" },
    { url = "https://files.pythonhosted.org/packages/13/5a/995fe85a8470d3e391ac0f7fa8054bb454eaf33ee138196d6172ed1079c0/ruff-0.16.2-py3-none-macosx_10_12_x86_64.whl", hash = "sha256:9a48cc05c6fbc811ca81b5d7ba95375affea6582d1b8024e455e41afbbf55344", size = 11072662, upload-time = "2026-08-07T13:30:18.143Z" },
    { url = "https://files.pythonhosted.org/packages/32/53/370d767c61c71a971a4ace36703a7ecd8c393956349a7325d7fab2b56827/ruff-0.16.2-py3-none-macosx_11_0_arm64.whl", hash = "sha256:a2c0d14fcbb26c91f0f867a6dc9bd71bbc30b1b6151829c884f23faeab2e5700", size = 10566771, upload-time = "2026-08-07T13:30:20.899Z" },
    { url = "https://files.pythonhosted.org/packages/85/d6/9d96948caf5a632be62d62202d5ec914d6856f204fd79eb036e5915e79ea/ruff-0.16.2-py3-none-manylinux_2_17_aarch64.manylinux2014_aarch64.whl", hash = "sha256:335c621622c4650330be50842561c6586ac6971bb8ab5407fe34dcc9efb16bbe", size = 10975825, upload-time = "2026-08-07T13:30:23.517Z" },
    { url = "https://files.pythonhosted.org/packages/3b/92/ea87129b3414acb0b5770563779c51804d37ac67675c7ba35447ddb14773/ruff-0.16.2-py3-none-manylinux_2_17_armv7l.manylinux2014_armv7l.whl", hash = "sha256:20e66910f2c37cc753f9ef6580c914a621b80c4fa3549d3e3521e29d0f5bfc3f", size = 10649437, upload-time = "2026-08-07T13:30:26.097Z" },
    { url = "https://files.pythonhosted.org/packages/ac/43/f8f291dcd4af5bb7872b74fdfa41a7cd7c856ca1d4069670971cf1b9f5cb/ruff-0.16.2-py3-none-manylinux_2_17_i686.manylinux2014_i686.whl", hash = "sha256:c7e36fbfba65510548156902bcf1350a979a958ce0347ce0f90d73894036b39f", size = 11446761, upload-time = "2026-08-07T13:30:28.752Z" },
    { url = "https://files.pythonhosted.org/packages/71/4a/ef991fb2fcf516ab71f0808adcdd8da5e18c8cde447f4ceaf5f47a5132a5/ruff-0.16.2-py3-none-manylinux_2_17_ppc64le.manylinux2014_ppc64le.whl", hash = "sha256:f0eab35f80df8f134aae5d1630e751901321d317cc8e50dc39e36fa3ed34cd12", size = 12336364, upload-time = "2026-08-07T13:30:31.468Z" },
    { url = "https://files.pythonhosted.org/packages/f3/24/f615e74f307e6ca0e56a482872477b856c70d530aa356abfb6dfe5ca8a80/ruff-0.16.2-py3-none-manylinux_2_17_s390x.manylinux2014_s390x.whl", hash = "sha256:40ea8c0594feb894e89c8c61ab9c103d38b0ea72dfde6c594107147ca31b1140", size = 11630720, upload-time = "2026-08-07T13:30:34.426Z" },
    { url = "https://files.pythonhosted.org/packages/c5/d3/8ef50149e8412a77f7ab409efdef0e2b23803707a3863da4fc64cb23d459/ruff-0.16.2-py3-none-manylinux_2_17_x86_64.manylinux2014_x86_64.whl", hash = "sha256:ab3d62dde0b19facdd632008cc4827fc28ada7736c6bd35ab6f1050f0bfed53f", size = 11466130, upload-time = "2026-08-07T13:30:36.958Z" },
    { url = "https://files.pythonhosted.org/packages/dd/a7/a19334985c4dea8c381981fa252cd854c7ee52dc4b1686dc16f4a911c702/ruff-0.16.2-py3-none-manylinux_2_31_riscv64.whl", hash = "sha256:e43e1f5b8388da9eca1b9e88328d47a5cec794633ccf6f7484ac2dd15eee92c0", size = 11523634, upload-time = "2026-08-07T13:30:39.822Z" },
    { url = "https://files.pythonhosted.org/packages/6e/6c/96d192b0e742412ceda08c0a50f9669b253dde9fd6a60ea1a10c9fa79a63/ruff-0.16.2-py3-none-musllinux_1_2_aarch64.whl", hash = "sha256:c24788a980581e1d7ea3a0cbe4344c4fbeb0a6a9b1f4713aa46bb104f8294690", size = 10949807, upload-time = "2026-08-07T13:30:42.745Z" },
    { url = "https://files.pythonhosted.org/packages/fa/51/e26599ceca11e79ee255c7df515995561edf87e9ca1893284e44d98f5a86/ruff-0.16.2-py3-none-musllinux_1_2_armv7l.whl", hash = "sha256:81806b08329130005dd4a8a8394a0c9da8c6f4cafb16ba438d2a2ee6a18bedf1", size = 10646891, upload-time = "2026-08-07T13:30:45.522Z" },
    { url = "https://files.pythonhosted.org/packages/68/01/800c4b1f97bc8d7c6029e06b1f20473a3cf1e13c4933d8f3342add83fc55/ruff-0.16.2-py3-none-musllinux_1_2_i686.whl", hash = "sha256:4ce4e02bad779bef557f541a1b31f20d6abeae1cc05ed1b1ac019d4ffd1044c8", size = 11162063, upload-time = "2026-08-07T13:30:48.131Z" },
    { url = "https://files.pythonhosted.org/packages/e4/d0/1477ea50fc5a0d4b0b71d1d63d50770bdd794d90b43e37a7618e63ec9894/ruff-0.16.2-py3-none-musllinux_1_2_x86_64.whl", hash = "sha256:e0422abdf70070255fc4073ce9dfc814cc03db577013761ddd09bc1e4a9a4fbd", size = 11556038, upload-time = "2026-08-07T13:30:50.686Z" },
    { url = "https://files.pythonhosted.org/packages/b8/76/a7776f32048d991e16d4fa8ff91790b877342d3596cc3ed04acdbf1aaedc/ruff-0.16.2-py3-none-win32.whl", hash = "sha256:bf3a63d78fb39f4bf5ac8ae52051c5520505301abe19ba4e204c453b3f09bb0b", size = 10872850, upload-time = "2026-08-07T13:30:53.471Z" },
    { url = "https://files.pythonhosted.org/packages/00/0d/929c800d920e61397d82a01b60bffc68da3052c17d31de59efaad2e4ed75/ruff-0.16.2-py3-none-win_amd64.whl", hash = "sha256:bcabe2f6d0fc7819f1431793005af4e4de7371927d037345bf941252b195b9fa", size = 12023338, upload-time = "2026-08-07T13:30:56.193Z" },
    { url = "https://files.pythonhosted.org/packages/5b/6c/93e26c22c5f78ff87363e07da49c84955affbeb1098bd1936bf3b3f293bf/ruff-0.16.2-py3-none-win_arm64.whl", hash = "sha256:d614e95cedf38a2053fd351c55b103ba30d017d61688fdbfd40ee0412852a99f", size = 11374065, upload-time = "2026-08-07T13:30:58.775Z" },
]

[[package]]
name = "typing-extensions"
version = "4.16.0"
source = { registry = "https://pypi.org/simple" }
sdist = { url = "https://files.pythonhosted.org/packages/f6/cc/6253133b5bb138fc3306cebfbda2c520f545d36b5be2c7255cc528bb45d6/typing_extensions-4.16.0.tar.gz", hash = "sha256:dc983d19a509c94dba722ee6abd33940f7c05a89e243c47e907eb4db6f1a43e5", size = 113555, upload-time = "2026-07-02T08:40:05.92Z" }
wheels = [
    { url = "https://files.pythonhosted.org/packages/49/d3/b8441a820a491ddfc024b0b0cf0393375b75ea13866d9c66727e54c2fc80/typing_extensions-4.16.0-py3-none-any.whl", hash = "sha256:481caa481374e813c1b176ada14e97f1f67a4539ce9cfeb3f350d78d6370c2e8", size = 45571, upload-time = "2026-07-02T08:40:04.659Z" },
]

[[package]]
name = "wuji-sdk"
version = "2026.8.3"
source = { registry = "https://pypi.org/simple" }
wheels = [
    { url = "https://files.pythonhosted.org/packages/35/90/92b3e8fa6cafaea53e3153e4f01acf6dfac413080875af82a08c800c151c/wuji_sdk-2026.8.3-cp311-cp311-manylinux_2_34_aarch64.whl", hash = "sha256:616371e294ce6eccaf3b3ba893b4589ebcb62d0615687b42d790f31b7abc4d66", size = 10016978, upload-time = "2026-08-03T08:38:02.611Z" },
    { url = "https://files.pythonhosted.org/packages/36/52/31dfb261803f729f0455808ee3aa56a04eedfa587c4d71121bf9f2d3e4a9/wuji_sdk-2026.8.3-cp311-cp311-manylinux_2_34_x86_64.whl", hash = "sha256:60d2c58e1e83b92a853da1078916a4eca36e503de489590e9097f8ba65fb6417", size = 9936415, upload-time = "2026-08-03T08:38:05.229Z" },
    { url = "https://files.pythonhosted.org/packages/92/a3/f6ed368863e703ef1bc0fbbab4efabca8af4d291dbedc3d61d6daa0abcb8/wuji_sdk-2026.8.3-cp312-cp312-manylinux_2_34_aarch64.whl", hash = "sha256:7c870ac502b0bb318fa365eb7f9e13b6b368aec919e05d3161e0ccb8f8a6299c", size = 10015262, upload-time = "2026-08-03T08:38:07.978Z" },
    { url = "https://files.pythonhosted.org/packages/b0/3e/03f7828d5df7ff1850a09b5c9e9106b464b1ba2b24492573781da4eccb3c/wuji_sdk-2026.8.3-cp312-cp312-manylinux_2_34_x86_64.whl", hash = "sha256:8acaf6a90e42c78f9523bf007f8c298cee6bfbeddb200550906bf0e069e63da8", size = 9934007, upload-time = "2026-08-03T08:38:10.917Z" },
]

[[package]]
name = "wujihand-hand2-hardware"
version = "0.4.0"
source = { editable = "." }
dependencies = [
    { name = "wuji-sdk" },
]

[package.dev-dependencies]
dev = [
    { name = "mypy" },
    { name = "pytest" },
    { name = "ruff" },
]

[package.metadata]
requires-dist = [{ name = "wuji-sdk", specifier = "==2026.8.3" }]

[package.metadata.requires-dev]
dev = [
    { name = "mypy", specifier = ">=1.16,<2" },
    { name = "pytest", specifier = ">=8,<9" },
    { name = "ruff", specifier = ">=0.12,<1" },
]
